
Microsoft Visual Studio Solution File, Format Version 12.00
# Visual Studio Version 17
VisualStudioVersion = 17.13.35825.156
MinimumVisualStudioVersion = 10.0.40219.1
Project("{FAE04EC0-301F-11D3-BF4B-00C04F79EFBC}") = "EmployeeManagement.Domain", "EmployeeManagement.Domain\EmployeeManagement.Domain.csproj", "{0670EFE2-AAA2-4816-99D9-BAF9602B5463}"
EndProject
Project("{FAE04EC0-301F-11D3-BF4B-00C04F79EFBC}") = "EmployeeManagement.Application", "EmployeeManagement.Application\EmployeeManagement.Application.csproj", "{AE946F75-7B7A-47FC-826A-110DC36A5AA5}"
EndProject
Project("{FAE04EC0-301F-11D3-BF4B-00C04F79EFBC}") = "EmployeeManagement.Infrastructure", "EmployeeManagement.Infrastructure\EmployeeManagement.Infrastructure.csproj", "{3D48998F-8CBD-432B-9A33-961B517BBE18}"
EndProject
Project("{FAE04EC0-301F-11D3-BF4B-00C04F79EFBC}") = "EmployeeManagement.DependencyInjection", "EmployeeManagement.DependencyInjection\EmployeeManagement.DependencyInjection.csproj", "{D59771AC-3EB1-4D90-86BE-385D8B8E0385}"
EndProject
Project("{FAE04EC0-301F-11D3-BF4B-00C04F79EFBC}") = "EmployeeManagement.API", "EmployeeManagement.API\EmployeeManagement.API.csproj", "{3963892A-F4E6-44F1-B5ED-95438591AB41}"
EndProject
Global
	GlobalSection(SolutionConfigurationPlatforms) = preSolution
		Debug|Any CPU = Debug|Any CPU
		Release|Any CPU = Release|Any CPU
	EndGlobalSection
	GlobalSection(ProjectConfigurationPlatforms) = postSolution
		{0670EFE2-AAA2-4816-99D9-BAF9602B5463}.Debug|Any CPU.ActiveCfg = Debug|Any CPU
		{0670EFE2-AAA2-4816-99D9-BAF9602B5463}.Debug|Any CPU.Build.0 = Debug|Any CPU
		{0670EFE2-AAA2-4816-99D9-BAF9602B5463}.Release|Any CPU.ActiveCfg = Release|Any CPU
		{0670EFE2-AAA2-4816-99D9-BAF9602B5463}.Release|Any CPU.Build.0 = Release|Any CPU
		{AE946F75-7B7A-47FC-826A-110DC36A5AA5}.Debug|Any CPU.ActiveCfg = Debug|Any CPU
		{AE946F75-7B7A-47FC-826A-110DC36A5AA5}.Debug|Any CPU.Build.0 = Debug|Any CPU
		{AE946F75-7B7A-47FC-826A-110DC36A5AA5}.Release|Any CPU.ActiveCfg = Release|Any CPU
		{AE946F75-7B7A-47FC-826A-110DC36A5AA5}.Release|Any CPU.Build.0 = Release|Any CPU
		{3D48998F-8CBD-432B-9A33-961B517BBE18}.Debug|Any CPU.ActiveCfg = Debug|Any CPU
		{3D48998F-8CBD-432B-9A33-961B517BBE18}.Debug|Any CPU.Build.0 = Debug|Any CPU
		{3D48998F-8CBD-432B-9A33-961B517BBE18}.Release|Any CPU.ActiveCfg = Release|Any CPU
		{3D48998F-8CBD-432B-9A33-961B517BBE18}.Release|Any CPU.Build.0 = Release|Any CPU
		{D59771AC-3EB1-4D90-86BE-385D8B8E0385}.Debug|Any CPU.ActiveCfg = Debug|Any CPU
		{D59771AC-3EB1-4D90-86BE-385D8B8E0385}.Debug|Any CPU.Build.0 = Debug|Any CPU
		{D59771AC-3EB1-4D90-86BE-385D8B8E0385}.Release|Any CPU.ActiveCfg = Release|Any CPU
		{D59771AC-3EB1-4D90-86BE-385D8B8E0385}.Release|Any CPU.Build.0 = Release|Any CPU
		{3963892A-F4E6-44F1-B5ED-95438591AB41}.Debug|Any CPU.ActiveCfg = Debug|Any CPU
		{3963892A-F4E6-44F1-B5ED-95438591AB41}.Debug|Any CPU.Build.0 = Debug|Any CPU
		{3963892A-F4E6-44F1-B5ED-95438591AB41}.Release|Any CPU.ActiveCfg = Release|Any CPU
		{3963892A-F4E6-44F1-B5ED-95438591AB41}.Release|Any CPU.Build.0 = Release|Any CPU
	EndGlobalSection
	GlobalSection(SolutionProperties) = preSolution
		HideSolutionNode = FALSE
	EndGlobalSection
	GlobalSection(ExtensibilityGlobals) = postSolution
		SolutionGuid = {C3D4F9E0-9270-4449-8FB2-D5025AE55E4C}
	EndGlobalSection
EndGlobal
